
Microsoft Visual Studio Solution File, Format Version 12.00
# Visual Studio 15
VisualStudioVersion = 15.0.27428.2043
MinimumVisualStudioVersion = 10.0.40219.1
Project("{8BC9CEB8-8B4A-11D0-8D11-00A0C91BC942}") = "chapter2", "chapter2\chapter2.vcxproj", "{DA15147B-1685-4A27-8EB1-2B04F7F098F0}"
EndProject
Global
	GlobalSection(SolutionConfigurationPlatforms) = preSolution
		Debug|x64 = Debug|x64
		Debug|x86 = Debug|x86
		Release|x64 = Release|x64
		Release|x86 = Release|x86
	EndGlobalSection
	GlobalSection(ProjectConfigurationPlatforms) = postSolution
		{DA15147B-1685-4A27-8EB1-2B04F7F098F0}.Debug|x64.ActiveCfg = Debug|x64
		{DA15147B-1685-4A27-8EB1-2B04F7F098F0}.Debug|x64.Build.0 = Debug|x64
		{DA15147B-1685-4A27-8EB1-2B04F7F098F0}.Debug|x86.ActiveCfg = Debug|Win32
		{DA15147B-1685-4A27-8EB1-2B04F7F098F0}.Debug|x86.Build.0 = Debug|Win32
		{DA15147B-1685-4A27-8EB1-2B04F7F098F0}.Release|x64.ActiveCfg = Release|x64
		{DA15147B-1685-4A27-8EB1-2B04F7F098F0}.Release|x64.Build.0 = Release|x64
		{DA15147B-1685-4A27-8EB1-2B04F7F098F0}.Release|x86.ActiveCfg = Release|Win32
		{DA15147B-1685-4A27-8EB1-2B04F7F098F0}.Release|x86.Build.0 = Release|Win32
	EndGlobalSection
	GlobalSection(SolutionProperties) = preSolution
		HideSolutionNode = FALSE
	EndGlobalSection
	GlobalSection(ExtensibilityGlobals) = postSolution
		SolutionGuid = {F07FE410-976C-46B3-A2C5-C1ECDD7161B0}
	EndGlobalSection
EndGlobal
