
Microsoft Visual Studio Solution File, Format Version 12.00
# Visual Studio 15
VisualStudioVersion = 15.0.27428.2043
MinimumVisualStudioVersion = 10.0.40219.1
Project("{8BC9CEB8-8B4A-11D0-8D11-00A0C91BC942}") = "chapter4", "chapter4\chapter4.vcxproj", "{7D991E4C-758C-4FA9-8C3B-67596D358887}"
EndProject
Global
	GlobalSection(SolutionConfigurationPlatforms) = preSolution
		Debug|x64 = Debug|x64
		Debug|x86 = Debug|x86
		Release|x64 = Release|x64
		Release|x86 = Release|x86
	EndGlobalSection
	GlobalSection(ProjectConfigurationPlatforms) = postSolution
		{7D991E4C-758C-4FA9-8C3B-67596D358887}.Debug|x64.ActiveCfg = Debug|x64
		{7D991E4C-758C-4FA9-8C3B-67596D358887}.Debug|x64.Build.0 = Debug|x64
		{7D991E4C-758C-4FA9-8C3B-67596D358887}.Debug|x86.ActiveCfg = Debug|Win32
		{7D991E4C-758C-4FA9-8C3B-67596D358887}.Debug|x86.Build.0 = Debug|Win32
		{7D991E4C-758C-4FA9-8C3B-67596D358887}.Release|x64.ActiveCfg = Release|x64
		{7D991E4C-758C-4FA9-8C3B-67596D358887}.Release|x64.Build.0 = Release|x64
		{7D991E4C-758C-4FA9-8C3B-67596D358887}.Release|x86.ActiveCfg = Release|Win32
		{7D991E4C-758C-4FA9-8C3B-67596D358887}.Release|x86.Build.0 = Release|Win32
	EndGlobalSection
	GlobalSection(SolutionProperties) = preSolution
		HideSolutionNode = FALSE
	EndGlobalSection
	GlobalSection(ExtensibilityGlobals) = postSolution
		SolutionGuid = {DC6763AA-F23E-4607-933A-1D1FBC30254A}
	EndGlobalSection
EndGlobal
