
Microsoft Visual Studio Solution File, Format Version 12.00
# Visual Studio 15
VisualStudioVersion = 15.0.27428.2043
MinimumVisualStudioVersion = 10.0.40219.1
Project("{8BC9CEB8-8B4A-11D0-8D11-00A0C91BC942}") = "chapter5", "chapter5\chapter5.vcxproj", "{0CE26D31-76E9-492E-9069-3195754DA6F1}"
EndProject
Global
	GlobalSection(SolutionConfigurationPlatforms) = preSolution
		Debug|x64 = Debug|x64
		Debug|x86 = Debug|x86
		Release|x64 = Release|x64
		Release|x86 = Release|x86
	EndGlobalSection
	GlobalSection(ProjectConfigurationPlatforms) = postSolution
		{0CE26D31-76E9-492E-9069-3195754DA6F1}.Debug|x64.ActiveCfg = Debug|x64
		{0CE26D31-76E9-492E-9069-3195754DA6F1}.Debug|x64.Build.0 = Debug|x64
		{0CE26D31-76E9-492E-9069-3195754DA6F1}.Debug|x86.ActiveCfg = Debug|Win32
		{0CE26D31-76E9-492E-9069-3195754DA6F1}.Debug|x86.Build.0 = Debug|Win32
		{0CE26D31-76E9-492E-9069-3195754DA6F1}.Release|x64.ActiveCfg = Release|x64
		{0CE26D31-76E9-492E-9069-3195754DA6F1}.Release|x64.Build.0 = Release|x64
		{0CE26D31-76E9-492E-9069-3195754DA6F1}.Release|x86.ActiveCfg = Release|Win32
		{0CE26D31-76E9-492E-9069-3195754DA6F1}.Release|x86.Build.0 = Release|Win32
	EndGlobalSection
	GlobalSection(SolutionProperties) = preSolution
		HideSolutionNode = FALSE
	EndGlobalSection
	GlobalSection(ExtensibilityGlobals) = postSolution
		SolutionGuid = {8276DAE3-AA33-4C46-8E82-159E8B31B327}
	EndGlobalSection
EndGlobal
